// !$*UTF8*$!
{
	archiveVersion = 1;
	classes = {
	};
	objectVersion = 52;
	objects = {

/* Begin PBXBuildFile section */
		448D1CD425F8B7DE00B2D333 /* CocoaLumberjack.xcframework in Frameworks */ = {isa = PBXBuildFile; fileRef = 448D1CD325F8B7DE00B2D333 /* CocoaLumberjack.xcframework */; };
		448D1CD525F8B7DE00B2D333 /* CocoaLumberjack.xcframework in Embed Frameworks */ = {isa = PBXBuildFile; fileRef = 448D1CD325F8B7DE00B2D333 /* CocoaLumberjack.xcframework */; settings = {ATTRIBUTES = (CodeSignOnCopy, RemoveHeadersOnCopy, ); }; };
		448D1CD825F8B81D00B2D333 /* PureLayout.xcframework in Frameworks */ = {isa = PBXBuildFile; fileRef = 448D1CD725F8B81D00B2D333 /* PureLayout.xcframework */; };
		448D1CD925F8B81D00B2D333 /* PureLayout.xcframework in Embed Frameworks */ = {isa = PBXBuildFile; fileRef = 448D1CD725F8B81D00B2D333 /* PureLayout.xcframework */; settings = {ATTRIBUTES = (CodeSignOnCopy, RemoveHeadersOnCopy, ); }; };
		448D1D0625FA113600B2D333 /* MainWindowController.m in Sources */ = {isa = PBXBuildFile; fileRef = 448D1D0425FA113600B2D333 /* MainWindowController.m */; };
		448D1D0C25FB5D0300B2D333 /* MainWindow.m in Sources */ = {isa = PBXBuildFile; fileRef = 448D1D0B25FB5D0300B2D333 /* MainWindow.m */; };
		448D1D0E25FB643C00B2D333 /* ThemeKit.xcframework in Frameworks */ = {isa = PBXBuildFile; fileRef = 448D1D0D25FB643C00B2D333 /* ThemeKit.xcframework */; };
		448D1D0F25FB643C00B2D333 /* ThemeKit.xcframework in Embed Frameworks */ = {isa = PBXBuildFile; fileRef = 448D1D0D25FB643C00B2D333 /* ThemeKit.xcframework */; settings = {ATTRIBUTES = (CodeSignOnCopy, RemoveHeadersOnCopy, ); }; };
		44E18E8425F774920012C76A /* AppDelegate.m in Sources */ = {isa = PBXBuildFile; fileRef = 44E18E8325F774920012C76A /* AppDelegate.m */; };
		44E18E8725F774920012C76A /* RobotCIPGUI.xcdatamodeld in Sources */ = {isa = PBXBuildFile; fileRef = 44E18E8525F774920012C76A /* RobotCIPGUI.xcdatamodeld */; };
		44E18E8925F774940012C76A /* Assets.xcassets in Resources */ = {isa = PBXBuildFile; fileRef = 44E18E8825F774940012C76A /* Assets.xcassets */; };
		44E18E8C25F774940012C76A /* MainMenu.xib in Resources */ = {isa = PBXBuildFile; fileRef = 44E18E8A25F774940012C76A /* MainMenu.xib */; };
		44E18E8F25F774940012C76A /* main.m in Sources */ = {isa = PBXBuildFile; fileRef = 44E18E8E25F774940012C76A /* main.m */; };
/* End PBXBuildFile section */

/* Begin PBXCopyFilesBuildPhase section */
		448D1CD625F8B7DE00B2D333 /* Embed Frameworks */ = {
			isa = PBXCopyFilesBuildPhase;
			buildActionMask = 2147483647;
			dstPath = "";
			dstSubfolderSpec = 10;
			files = (
				448D1D0F25FB643C00B2D333 /* ThemeKit.xcframework in Embed Frameworks */,
				448D1CD525F8B7DE00B2D333 /* CocoaLumberjack.xcframework in Embed Frameworks */,
				448D1CD925F8B81D00B2D333 /* PureLayout.xcframework in Embed Frameworks */,
			);
			name = "Embed Frameworks";
			runOnlyForDeploymentPostprocessing = 0;
		};
/* End PBXCopyFilesBuildPhase section */

/* Begin PBXFileReference section */
		448D1CD325F8B7DE00B2D333 /* CocoaLumberjack.xcframework */ = {isa = PBXFileReference; lastKnownFileType = wrapper.xcframework; name = CocoaLumberjack.xcframework; path = ../Carthage/Build/CocoaLumberjack.xcframework; sourceTree = "<group>"; };
		448D1CD725F8B81D00B2D333 /* PureLayout.xcframework */ = {isa = PBXFileReference; lastKnownFileType = wrapper.xcframework; name = PureLayout.xcframework; path = ../Carthage/Build/PureLayout.xcframework; sourceTree = "<group>"; };
		448D1D0325FA113600B2D333 /* MainWindowController.h */ = {isa = PBXFileReference; lastKnownFileType = sourcecode.c.h; path = MainWindowController.h; sourceTree = "<group>"; };
		448D1D0425FA113600B2D333 /* MainWindowController.m */ = {isa = PBXFileReference; lastKnownFileType = sourcecode.c.objc; path = MainWindowController.m; sourceTree = "<group>"; };
		448D1D0A25FB5D0300B2D333 /* MainWindow.h */ = {isa = PBXFileReference; lastKnownFileType = sourcecode.c.h; path = MainWindow.h; sourceTree = "<group>"; };
		448D1D0B25FB5D0300B2D333 /* MainWindow.m */ = {isa = PBXFileReference; lastKnownFileType = sourcecode.c.objc; path = MainWindow.m; sourceTree = "<group>"; };
		448D1D0D25FB643C00B2D333 /* ThemeKit.xcframework */ = {isa = PBXFileReference; lastKnownFileType = wrapper.xcframework; name = ThemeKit.xcframework; path = ../Carthage/Build/ThemeKit.xcframework; sourceTree = "<group>"; };
		44E18E7F25F774920012C76A /* RobotCIPGUI.app */ = {isa = PBXFileReference; explicitFileType = wrapper.application; includeInIndex = 0; path = RobotCIPGUI.app; sourceTree = BUILT_PRODUCTS_DIR; };
		44E18E8225F774920012C76A /* AppDelegate.h */ = {isa = PBXFileReference; lastKnownFileType = sourcecode.c.h; path = AppDelegate.h; sourceTree = "<group>"; };
		44E18E8325F774920012C76A /* AppDelegate.m */ = {isa = PBXFileReference; lastKnownFileType = sourcecode.c.objc; path = AppDelegate.m; sourceTree = "<group>"; };
		44E18E8625F774920012C76A /* RobotCIPGUI.xcdatamodel */ = {isa = PBXFileReference; lastKnownFileType = wrapper.xcdatamodel; path = RobotCIPGUI.xcdatamodel; sourceTree = "<group>"; };
		44E18E8825F774940012C76A /* Assets.xcassets */ = {isa = PBXFileReference; lastKnownFileType = folder.assetcatalog; path = Assets.xcassets; sourceTree = "<group>"; };
		44E18E8B25F774940012C76A /* Base */ = {isa = PBXFileReference; lastKnownFileType = file.xib; name = Base; path = Base.lproj/MainMenu.xib; sourceTree = "<group>"; };
		44E18E8D25F774940012C76A /* Info.plist */ = {isa = PBXFileReference; lastKnownFileType = text.plist.xml; path = Info.plist; sourceTree = "<group>"; };
		44E18E8E25F774940012C76A /* main.m */ = {isa = PBXFileReference; lastKnownFileType = sourcecode.c.objc; path = main.m; sourceTree = "<group>"; };
		44E18E9025F774940012C76A /* RobotCIPGUI.entitlements */ = {isa = PBXFileReference; lastKnownFileType = text.plist.entitlements; path = RobotCIPGUI.entitlements; sourceTree = "<group>"; };
/* End PBXFileReference section */

/* Begin PBXFrameworksBuildPhase section */
		44E18E7C25F774920012C76A /* Frameworks */ = {
			isa = PBXFrameworksBuildPhase;
			buildActionMask = 2147483647;
			files = (
				448D1D0E25FB643C00B2D333 /* ThemeKit.xcframework in Frameworks */,
				448D1CD425F8B7DE00B2D333 /* CocoaLumberjack.xcframework in Frameworks */,
				448D1CD825F8B81D00B2D333 /* PureLayout.xcframework in Frameworks */,
			);
			runOnlyForDeploymentPostprocessing = 0;
		};
/* End PBXFrameworksBuildPhase section */

/* Begin PBXGroup section */
		44E18E7625F774920012C76A = {
			isa = PBXGroup;
			children = (
				44E18E8125F774920012C76A /* RobotCIPGUI */,
				44E18E8025F774920012C76A /* Products */,
				44E18E9725F775670012C76A /* Frameworks */,
			);
			sourceTree = "<group>";
		};
		44E18E8025F774920012C76A /* Products */ = {
			isa = PBXGroup;
			children = (
				44E18E7F25F774920012C76A /* RobotCIPGUI.app */,
			);
			name = Products;
			sourceTree = "<group>";
		};
		44E18E8125F774920012C76A /* RobotCIPGUI */ = {
			isa = PBXGroup;
			children = (
				448D1D0A25FB5D0300B2D333 /* MainWindow.h */,
				448D1D0B25FB5D0300B2D333 /* MainWindow.m */,
				44E18E8225F774920012C76A /* AppDelegate.h */,
				448D1D0325FA113600B2D333 /* MainWindowController.h */,
				448D1D0425FA113600B2D333 /* MainWindowController.m */,
				44E18E8325F774920012C76A /* AppDelegate.m */,
				44E18E8825F774940012C76A /* Assets.xcassets */,
				44E18E8A25F774940012C76A /* MainMenu.xib */,
				44E18E8D25F774940012C76A /* Info.plist */,
				44E18E8E25F774940012C76A /* main.m */,
				44E18E9025F774940012C76A /* RobotCIPGUI.entitlements */,
				44E18E8525F774920012C76A /* RobotCIPGUI.xcdatamodeld */,
			);
			path = RobotCIPGUI;
			sourceTree = "<group>";
		};
		44E18E9725F775670012C76A /* Frameworks */ = {
			isa = PBXGroup;
			children = (
				448D1D0D25FB643C00B2D333 /* ThemeKit.xcframework */,
				448D1CD725F8B81D00B2D333 /* PureLayout.xcframework */,
				448D1CD325F8B7DE00B2D333 /* CocoaLumberjack.xcframework */,
			);
			name = Frameworks;
			sourceTree = "<group>";
		};
/* End PBXGroup section */

/* Begin PBXNativeTarget section */
		44E18E7E25F774920012C76A /* RobotCIPGUI */ = {
			isa = PBXNativeTarget;
			buildConfigurationList = 44E18E9325F774940012C76A /* Build configuration list for PBXNativeTarget "RobotCIPGUI" */;
			buildPhases = (
				44E18E7B25F774920012C76A /* Sources */,
				44E18E7C25F774920012C76A /* Frameworks */,
				44E18E7D25F774920012C76A /* Resources */,
				448D1CD625F8B7DE00B2D333 /* Embed Frameworks */,
			);
			buildRules = (
			);
			dependencies = (
			);
			name = RobotCIPGUI;
			productName = RobotCIPGUI;
			productReference = 44E18E7F25F774920012C76A /* RobotCIPGUI.app */;
			productType = "com.apple.product-type.application";
		};
/* End PBXNativeTarget section */

/* Begin PBXProject section */
		44E18E7725F774920012C76A /* Project object */ = {
			isa = PBXProject;
			attributes = {
				LastUpgradeCheck = 1240;
				TargetAttributes = {
					44E18E7E25F774920012C76A = {
						CreatedOnToolsVersion = 12.4;
					};
				};
			};
			buildConfigurationList = 44E18E7A25F774920012C76A /* Build configuration list for PBXProject "RobotCIPGUI" */;
			compatibilityVersion = "Xcode 9.3";
			developmentRegion = en;
			hasScannedForEncodings = 0;
			knownRegions = (
				en,
				Base,
			);
			mainGroup = 44E18E7625F774920012C76A;
			productRefGroup = 44E18E8025F774920012C76A /* Products */;
			projectDirPath = "";
			projectRoot = "";
			targets = (
				44E18E7E25F774920012C76A /* RobotCIPGUI */,
			);
		};
/* End PBXProject section */

/* Begin PBXResourcesBuildPhase section */
		44E18E7D25F774920012C76A /* Resources */ = {
			isa = PBXResourcesBuildPhase;
			buildActionMask = 2147483647;
			files = (
				44E18E8925F774940012C76A /* Assets.xcassets in Resources */,
				44E18E8C25F774940012C76A /* MainMenu.xib in Resources */,
			);
			runOnlyForDeploymentPostprocessing = 0;
		};
/* End PBXResourcesBuildPhase section */

/* Begin PBXSourcesBuildPhase section */
		44E18E7B25F774920012C76A /* Sources */ = {
			isa = PBXSourcesBuildPhase;
			buildActionMask = 2147483647;
			files = (
				44E18E8425F774920012C76A /* AppDelegate.m in Sources */,
				44E18E8F25F774940012C76A /* main.m in Sources */,
				448D1D0C25FB5D0300B2D333 /* MainWindow.m in Sources */,
				448D1D0625FA113600B2D333 /* MainWindowController.m in Sources */,
				44E18E8725F774920012C76A /* RobotCIPGUI.xcdatamodeld in Sources */,
			);
			runOnlyForDeploymentPostprocessing = 0;
		};
/* End PBXSourcesBuildPhase section */

/* Begin PBXVariantGroup section */
		44E18E8A25F774940012C76A /* MainMenu.xib */ = {
			isa = PBXVariantGroup;
			children = (
				44E18E8B25F774940012C76A /* Base */,
			);
			name = MainMenu.xib;
			sourceTree = "<group>";
		};
/* End PBXVariantGroup section */

/* Begin XCBuildConfiguration section */
		44E18E9125F774940012C76A /* Debug */ = {
			isa = XCBuildConfiguration;
			buildSettings = {
				ALWAYS_SEARCH_USER_PATHS = NO;
				CLANG_ANALYZER_NONNULL = YES;
				CLANG_ANALYZER_NUMBER_OBJECT_CONVERSION = YES_AGGRESSIVE;
				CLANG_CXX_LANGUAGE_STANDARD = "gnu++14";
				CLANG_CXX_LIBRARY = "libc++";
				CLANG_ENABLE_MODULES = YES;
				CLANG_ENABLE_OBJC_ARC = YES;
				CLANG_ENABLE_OBJC_WEAK = YES;
				CLANG_WARN_BLOCK_CAPTURE_AUTORELEASING = YES;
				CLANG_WARN_BOOL_CONVERSION = YES;
				CLANG_WARN_COMMA = YES;
				CLANG_WARN_CONSTANT_CONVERSION = YES;
				CLANG_WARN_DEPRECATED_OBJC_IMPLEMENTATIONS = YES;
				CLANG_WARN_DIRECT_OBJC_ISA_USAGE = YES_ERROR;
				CLANG_WARN_DOCUMENTATION_COMMENTS = YES;
				CLANG_WARN_EMPTY_BODY = YES;
				CLANG_WARN_ENUM_CONVERSION = YES;
				CLANG_WARN_INFINITE_RECURSION = YES;
				CLANG_WARN_INT_CONVERSION = YES;
				CLANG_WARN_NON_LITERAL_NULL_CONVERSION = YES;
				CLANG_WARN_OBJC_IMPLICIT_RETAIN_SELF = YES;
				CLANG_WARN_OBJC_LITERAL_CONVERSION = YES;
				CLANG_WARN_OBJC_ROOT_CLASS = YES_ERROR;
				CLANG_WARN_QUOTED_INCLUDE_IN_FRAMEWORK_HEADER = YES;
				CLANG_WARN_RANGE_LOOP_ANALYSIS = YES;
				CLANG_WARN_STRICT_PROTOTYPES = YES;
				CLANG_WARN_SUSPICIOUS_MOVE = YES;
				CLANG_WARN_UNGUARDED_AVAILABILITY = YES_AGGRESSIVE;
				CLANG_WARN_UNREACHABLE_CODE = YES;
				CLANG_WARN__DUPLICATE_METHOD_MATCH = YES;
				COPY_PHASE_STRIP = NO;
				DEBUG_INFORMATION_FORMAT = dwarf;
				ENABLE_STRICT_OBJC_MSGSEND = YES;
				ENABLE_TESTABILITY = YES;
				GCC_C_LANGUAGE_STANDARD = gnu11;
				GCC_DYNAMIC_NO_PIC = NO;
				GCC_NO_COMMON_BLOCKS = YES;
				GCC_OPTIMIZATION_LEVEL = 0;
				GCC_PREPROCESSOR_DEFINITIONS = (
					"DEBUG=1",
					"$(inherited)",
				);
				GCC_WARN_64_TO_32_BIT_CONVERSION = YES;
				GCC_WARN_ABOUT_RETURN_TYPE = YES_ERROR;
				GCC_WARN_UNDECLARED_SELECTOR = YES;
				GCC_WARN_UNINITIALIZED_AUTOS = YES_AGGRESSIVE;
				GCC_WARN_UNUSED_FUNCTION = YES;
				GCC_WARN_UNUSED_VARIABLE = YES;
				MACOSX_DEPLOYMENT_TARGET = 10.15;
				MTL_ENABLE_DEBUG_INFO = INCLUDE_SOURCE;
				MTL_FAST_MATH = YES;
				ONLY_ACTIVE_ARCH = YES;
				SDKROOT = macosx;
			};
			name = Debug;
		};
		44E18E9225F774940012C76A /* Release */ = {
			isa = XCBuildConfiguration;
			buildSettings = {
				ALWAYS_SEARCH_USER_PATHS = NO;
				CLANG_ANALYZER_NONNULL = YES;
				CLANG_ANALYZER_NUMBER_OBJECT_CONVERSION = YES_AGGRESSIVE;
				CLANG_CXX_LANGUAGE_STANDARD = "gnu++14";
				CLANG_CXX_LIBRARY = "libc++";
				CLANG_ENABLE_MODULES = YES;
				CLANG_ENABLE_OBJC_ARC = YES;
				CLANG_ENABLE_OBJC_WEAK = YES;
				CLANG_WARN_BLOCK_CAPTURE_AUTORELEASING = YES;
				CLANG_WARN_BOOL_CONVERSION = YES;
				CLANG_WARN_COMMA = YES;
				CLANG_WARN_CONSTANT_CONVERSION = YES;
				CLANG_WARN_DEPRECATED_OBJC_IMPLEMENTATIONS = YES;
				CLANG_WARN_DIRECT_OBJC_ISA_USAGE = YES_ERROR;
				CLANG_WARN_DOCUMENTATION_COMMENTS = YES;
				CLANG_WARN_EMPTY_BODY = YES;
				CLANG_WARN_ENUM_CONVERSION = YES;
				CLANG_WARN_INFINITE_RECURSION = YES;
				CLANG_WARN_INT_CONVERSION = YES;
				CLANG_WARN_NON_LITERAL_NULL_CONVERSION = YES;
				CLANG_WARN_OBJC_IMPLICIT_RETAIN_SELF = YES;
				CLANG_WARN_OBJC_LITERAL_CONVERSION = YES;
				CLANG_WARN_OBJC_ROOT_CLASS = YES_ERROR;
				CLANG_WARN_QUOTED_INCLUDE_IN_FRAMEWORK_HEADER = YES;
				CLANG_WARN_RANGE_LOOP_ANALYSIS = YES;
				CLANG_WARN_STRICT_PROTOTYPES = YES;
				CLANG_WARN_SUSPICIOUS_MOVE = YES;
				CLANG_WARN_UNGUARDED_AVAILABILITY = YES_AGGRESSIVE;
				CLANG_WARN_UNREACHABLE_CODE = YES;
				CLANG_WARN__DUPLICATE_METHOD_MATCH = YES;
				COPY_PHASE_STRIP = NO;
				DEBUG_INFORMATION_FORMAT = "dwarf-with-dsym";
				ENABLE_NS_ASSERTIONS = NO;
				ENABLE_STRICT_OBJC_MSGSEND = YES;
				GCC_C_LANGUAGE_STANDARD = gnu11;
				GCC_NO_COMMON_BLOCKS = YES;
				GCC_WARN_64_TO_32_BIT_CONVERSION = YES;
				GCC_WARN_ABOUT_RETURN_TYPE = YES_ERROR;
				GCC_WARN_UNDECLARED_SELECTOR = YES;
				GCC_WARN_UNINITIALIZED_AUTOS = YES_AGGRESSIVE;
				GCC_WARN_UNUSED_FUNCTION = YES;
				GCC_WARN_UNUSED_VARIABLE = YES;
				MACOSX_DEPLOYMENT_TARGET = 10.15;
				MTL_ENABLE_DEBUG_INFO = NO;
				MTL_FAST_MATH = YES;
				SDKROOT = macosx;
			};
			name = Release;
		};
		44E18E9425F774940012C76A /* Debug */ = {
			isa = XCBuildConfiguration;
			buildSettings = {
				ASSETCATALOG_COMPILER_APPICON_NAME = AppIcon;
				ASSETCATALOG_COMPILER_GLOBAL_ACCENT_COLOR_NAME = AccentColor;
				CODE_SIGN_ENTITLEMENTS = RobotCIPGUI/RobotCIPGUI.entitlements;
				CODE_SIGN_STYLE = Automatic;
				COMBINE_HIDPI_IMAGES = YES;
				DEVELOPMENT_TEAM = 88QSSPHD92;
				ENABLE_HARDENED_RUNTIME = YES;
				INFOPLIST_FILE = RobotCIPGUI/Info.plist;
				LD_RUNPATH_SEARCH_PATHS = (
					"$(inherited)",
					"@executable_path/../Frameworks",
				);
				PRODUCT_BUNDLE_IDENTIFIER = com.mycompany.RobotCIPGUI;
				PRODUCT_NAME = "$(TARGET_NAME)";
			};
			name = Debug;
		};
		44E18E9525F774940012C76A /* Release */ = {
			isa = XCBuildConfiguration;
			buildSettings = {
				ASSETCATALOG_COMPILER_APPICON_NAME = AppIcon;
				ASSETCATALOG_COMPILER_GLOBAL_ACCENT_COLOR_NAME = AccentColor;
				CODE_SIGN_ENTITLEMENTS = RobotCIPGUI/RobotCIPGUI.entitlements;
				CODE_SIGN_STYLE = Automatic;
				COMBINE_HIDPI_IMAGES = YES;
				DEVELOPMENT_TEAM = 88QSSPHD92;
				ENABLE_HARDENED_RUNTIME = YES;
				INFOPLIST_FILE = RobotCIPGUI/Info.plist;
				LD_RUNPATH_SEARCH_PATHS = (
					"$(inherited)",
					"@executable_path/../Frameworks",
				);
				PRODUCT_BUNDLE_IDENTIFIER = com.mycompany.RobotCIPGUI;
				PRODUCT_NAME = "$(TARGET_NAME)";
			};
			name = Release;
		};
/* End XCBuildConfiguration section */

/* Begin XCConfigurationList section */
		44E18E7A25F774920012C76A /* Build configuration list for PBXProject "RobotCIPGUI" */ = {
			isa = XCConfigurationList;
			buildConfigurations = (
				44E18E9125F774940012C76A /* Debug */,
				44E18E9225F774940012C76A /* Release */,
			);
			defaultConfigurationIsVisible = 0;
			defaultConfigurationName = Release;
		};
		44E18E9325F774940012C76A /* Build configuration list for PBXNativeTarget "RobotCIPGUI" */ = {
			isa = XCConfigurationList;
			buildConfigurations = (
				44E18E9425F774940012C76A /* Debug */,
				44E18E9525F774940012C76A /* Release */,
			);
			defaultConfigurationIsVisible = 0;
			defaultConfigurationName = Release;
		};
/* End XCConfigurationList section */

/* Begin XCVersionGroup section */
		44E18E8525F774920012C76A /* RobotCIPGUI.xcdatamodeld */ = {
			isa = XCVersionGroup;
			children = (
				44E18E8625F774920012C76A /* RobotCIPGUI.xcdatamodel */,
			);
			currentVersion = 44E18E8625F774920012C76A /* RobotCIPGUI.xcdatamodel */;
			path = RobotCIPGUI.xcdatamodeld;
			sourceTree = "<group>";
			versionGroupType = wrapper.xcdatamodel;
		};
/* End XCVersionGroup section */
	};
	rootObject = 44E18E7725F774920012C76A /* Project object */;
}
